<?xml version="1.0" encoding="utf-8"?>
<Project ToolsVersion="4.0" xmlns="http://schemas.microsoft.com/developer/msbuild/2003">
  <ItemGroup>
    <Filter Include="Source Files">
      <UniqueIdentifier>{4FC737F1-C7A5-4376-A066-2A32D752A2FF}</UniqueIdentifier>
      <Extensions>cpp;c;cc;cxx;def;odl;idl;hpj;bat;asm;asmx</Extensions>
    </Filter>
    <Filter Include="Header Files">
      <UniqueIdentifier>{93995380-89BD-4b04-88EB-625FBE52EBFB}</UniqueIdentifier>
      <Extensions>h;hh;hpp;hxx;hm;inl;inc;xsd</Extensions>
    </Filter>
    <Filter Include="Resource Files">
      <UniqueIdentifier>{67DA6AB6-F800-4c08-8B7A-83BB121AAD01}</UniqueIdentifier>
      <Extensions>rc;ico;cur;bmp;dlg;rc2;rct;bin;rgs;gif;jpg;jpeg;jpe;resx;tiff;tif;png;wav;mfcribbon-ms</Extensions>
    </Filter>
  </ItemGroup>
  <ItemGroup>
    <ClCompile Include="Code\main.cpp">
      <Filter>Source Files</Filter>
    </ClCompile>
    <ClCompile Include="Code\JumpFlooding.cpp">
      <Filter>Source Files</Filter>
    </ClCompile>
    <ClCompile Include="Code\SnowDisplacement.cpp">
      <Filter>Source Files</Filter>
    </ClCompile>
    <ClCompile Include="Code\SnowParametersBuffer.cpp">
      <Filter>Source Files</Filter>
    </ClCompile>
    <ClCompile Include="Code\Scene.cpp">
      <Filter>Source Files</Filter>
    </ClCompile>
    <ClCompile Include="Code\DepthPass.cpp">
      <Filter>Source Files</Filter>
    </ClCompile>
    <ClCompile Include="Code\SnowPlane.cpp">
      <Filter>Source Files</Filter>
    </ClCompile>
    <ClCompile Include="Code\PenetrationPass.cpp">
      <Filter>Source Files</Filter>
    </ClCompile>
    <ClCompile Include="Code\NormalGeneration.cpp">
      <Filter>Source Files</Filter>
    </ClCompile>
    <ClCompile Include="Code\HeightMap.cpp">
      <Filter>Source Files</Filter>
    </ClCompile>
  </ItemGroup>
  <ItemGroup>
    <ClInclude Include="Code\JumpFlooding.h">
      <Filter>Header Files</Filter>
    </ClInclude>
    <ClInclude Include="Code\SnowDisplacement.h">
      <Filter>Header Files</Filter>
    </ClInclude>
    <ClInclude Include="Code\SnowParameters.h">
      <Filter>Header Files</Filter>
    </ClInclude>
    <ClInclude Include="Code\SnowParametersBuffer.h">
      <Filter>Header Files</Filter>
    </ClInclude>
    <ClInclude Include="Code\Scene.h">
      <Filter>Header Files</Filter>
    </ClInclude>
    <ClInclude Include="Code\DepthPass.h">
      <Filter>Header Files</Filter>
    </ClInclude>
    <ClInclude Include="Code\SnowPlane.h">
      <Filter>Header Files</Filter>
    </ClInclude>
    <ClInclude Include="Code\PenetrationPass.h">
      <Filter>Header Files</Filter>
    </ClInclude>
    <ClInclude Include="Code\NormalGeneration.h">
      <Filter>Header Files</Filter>
    </ClInclude>
    <ClInclude Include="Code\HeightMap.h">
      <Filter>Header Files</Filter>
    </ClInclude>
    <ClInclude Include="Code\ComputeInfos.h">
      <Filter>Header Files</Filter>
    </ClInclude>
  </ItemGroup>
</Project>